
Microsoft Visual Studio Solution File, Format Version 12.00
# Visual Studio Version 16
VisualStudioVersion = 16.0.31205.134
MinimumVisualStudioVersion = 10.0.40219.1
Project("{FAE04EC0-301F-11D3-BF4B-00C04F79EFBC}") = "SampleRepo", "SampleRepo.csproj", "{FC28AB23-2DDF-42FA-BE29-BDE7CC656ADE}"
EndProject
Global
	GlobalSection(SolutionConfigurationPlatforms) = preSolution
		Debug|Any CPU = Debug|Any CPU
		Release|Any CPU = Release|Any CPU
	EndGlobalSection
	GlobalSection(ProjectConfigurationPlatforms) = postSolution
		{FC28AB23-2DDF-42FA-BE29-BDE7CC656ADE}.Debug|Any CPU.ActiveCfg = Debug|Any CPU
		{FC28AB23-2DDF-42FA-BE29-BDE7CC656ADE}.Debug|Any CPU.Build.0 = Debug|Any CPU
		{FC28AB23-2DDF-42FA-BE29-BDE7CC656ADE}.Release|Any CPU.ActiveCfg = Release|Any CPU
		{FC28AB23-2DDF-42FA-BE29-BDE7CC656ADE}.Release|Any CPU.Build.0 = Release|Any CPU
	EndGlobalSection
	GlobalSection(SolutionProperties) = preSolution
		HideSolutionNode = FALSE
	EndGlobalSection
	GlobalSection(ExtensibilityGlobals) = postSolution
		SolutionGuid = {12E6A892-7BFD-40B1-862C-EEB10AA8A2F1}
	EndGlobalSection
EndGlobal
